// !$*UTF8*$!
{
	archiveVersion = 1;
	classes = {
	};
	objectVersion = 46;
	objects = {

/* Begin PBXBuildFile section */
		101D2DB773940813A5C898CD /* ofxAubioPitch.cpp in Sources */ = {isa = PBXBuildFile; fileRef = 93CAC8A94359FD331BAD8CFA /* ofxAubioPitch.cpp */; };
		1CD33E884D9E3358252E82A1 /* ofxToggle.cpp in Sources */ = {isa = PBXBuildFile; fileRef = 907C5B5E104864A2D3A25745 /* ofxToggle.cpp */; };
		3002E85E1C88F9C900689E57 /* Previs.cpp in Sources */ = {isa = PBXBuildFile; fileRef = 3002E85C1C88F9C900689E57 /* Previs.cpp */; };
		300802121CB723AD0031DAF2 /* burner1.png in Resources */ = {isa = PBXBuildFile; fileRef = 300802101CB723AD0031DAF2 /* burner1.png */; };
		300802131CB723AD0031DAF2 /* burner2.png in Resources */ = {isa = PBXBuildFile; fileRef = 300802111CB723AD0031DAF2 /* burner2.png */; };
		300CF0471C652BD800295FBF /* libavcodec.a in Frameworks */ = {isa = PBXBuildFile; fileRef = 300CF03C1C652BD800295FBF /* libavcodec.a */; };
		300CF0481C652BD800295FBF /* libavformat.a in Frameworks */ = {isa = PBXBuildFile; fileRef = 300CF03D1C652BD800295FBF /* libavformat.a */; };
		300CF0491C652BD800295FBF /* libavresample.a in Frameworks */ = {isa = PBXBuildFile; fileRef = 300CF03E1C652BD800295FBF /* libavresample.a */; };
		300CF04A1C652BD800295FBF /* libavutil.a in Frameworks */ = {isa = PBXBuildFile; fileRef = 300CF03F1C652BD800295FBF /* libavutil.a */; };
		300CF04B1C652BD800295FBF /* libessentia.dylib in Frameworks */ = {isa = PBXBuildFile; fileRef = 300CF0401C652BD800295FBF /* libessentia.dylib */; };
		300CF04C1C652BD800295FBF /* libfftw3.a in Frameworks */ = {isa = PBXBuildFile; fileRef = 300CF0411C652BD800295FBF /* libfftw3.a */; };
		300CF04D1C652BD800295FBF /* libfftw3f.a in Frameworks */ = {isa = PBXBuildFile; fileRef = 300CF0421C652BD800295FBF /* libfftw3f.a */; };
		300CF04E1C652BD800295FBF /* libsamplerate.a in Frameworks */ = {isa = PBXBuildFile; fileRef = 300CF0431C652BD800295FBF /* libsamplerate.a */; };
		300CF04F1C652BD800295FBF /* libswresample.a in Frameworks */ = {isa = PBXBuildFile; fileRef = 300CF0441C652BD800295FBF /* libswresample.a */; };
		300CF0501C652BD800295FBF /* libtag.dylib in Frameworks */ = {isa = PBXBuildFile; fileRef = 300CF0451C652BD800295FBF /* libtag.dylib */; };
		300CF0511C652BD800295FBF /* libyaml.a in Frameworks */ = {isa = PBXBuildFile; fileRef = 300CF0461C652BD800295FBF /* libyaml.a */; };
		3012AAAD1C9BAA2A005B2B46 /* ExamplePattern.cpp in Sources */ = {isa = PBXBuildFile; fileRef = 3012AAAB1C9BAA2A005B2B46 /* ExamplePattern.cpp */; };
		301742261CAE3140007F3D32 /* libaubio.dylib in Frameworks */ = {isa = PBXBuildFile; fileRef = 301742251CAE3140007F3D32 /* libaubio.dylib */; };
		302F35951C93CA39001D5E51 /* OnsetHistory.cpp in Sources */ = {isa = PBXBuildFile; fileRef = 302F35931C93CA39001D5E51 /* OnsetHistory.cpp */; };
		302F35981C972BE2001D5E51 /* BeatHistory.cpp in Sources */ = {isa = PBXBuildFile; fileRef = 302F35961C972BE2001D5E51 /* BeatHistory.cpp */; };
		302F359B1C972DE6001D5E51 /* EventHistory.cpp in Sources */ = {isa = PBXBuildFile; fileRef = 302F35991C972DE6001D5E51 /* EventHistory.cpp */; };
		303B2BD61CA24D4F00322318 /* StripesPattern.cpp in Sources */ = {isa = PBXBuildFile; fileRef = 303B2BD41CA24D4F00322318 /* StripesPattern.cpp */; };
		305892A41C9921240030F338 /* UiMixin.cpp in Sources */ = {isa = PBXBuildFile; fileRef = 305892A21C9921240030F338 /* UiMixin.cpp */; };
		306565A31C472E7C00917ADB /* App.cpp in Sources */ = {isa = PBXBuildFile; fileRef = 306565A11C472E7C00917ADB /* App.cpp */; };
		3068B2461CB579B30092949A /* previsCameraData.txt in Resources */ = {isa = PBXBuildFile; fileRef = 3068B2421CB576BF0092949A /* previsCameraData.txt */; };
		3068B2491CB5808E0092949A /* Util.cpp in Sources */ = {isa = PBXBuildFile; fileRef = 3068B2471CB5808E0092949A /* Util.cpp */; };
		306DFD3F1C80100200AB9225 /* ofxArtnet.cpp in Sources */ = {isa = PBXBuildFile; fileRef = 306DFD3D1C80100200AB9225 /* ofxArtnet.cpp */; };
		3074F8D11C874AF2008BD5EF /* Pattern.cpp in Sources */ = {isa = PBXBuildFile; fileRef = 3074F8CF1C874AF2008BD5EF /* Pattern.cpp */; };
		308CEE551C48593A007C124A /* artnet.c in Sources */ = {isa = PBXBuildFile; fileRef = 308CEE481C48593A007C124A /* artnet.c */; };
		308CEE561C48593A007C124A /* misc.c in Sources */ = {isa = PBXBuildFile; fileRef = 308CEE4C1C48593A007C124A /* misc.c */; };
		308CEE571C48593A007C124A /* network.c in Sources */ = {isa = PBXBuildFile; fileRef = 308CEE4E1C48593A007C124A /* network.c */; };
		308CEE581C48593A007C124A /* receive.c in Sources */ = {isa = PBXBuildFile; fileRef = 308CEE511C48593A007C124A /* receive.c */; };
		308CEE591C48593A007C124A /* tod.c in Sources */ = {isa = PBXBuildFile; fileRef = 308CEE521C48593A007C124A /* tod.c */; };
		308CEE5A1C48593A007C124A /* transmit.c in Sources */ = {isa = PBXBuildFile; fileRef = 308CEE541C48593A007C124A /* transmit.c */; };
		308CEE5D1C48598D007C124A /* Artnet.cpp in Sources */ = {isa = PBXBuildFile; fileRef = 308CEE5B1C48598D007C124A /* Artnet.cpp */; };
		30AEA5981C4052A80034C794 /* README.md in Sources */ = {isa = PBXBuildFile; fileRef = 30AEA5971C4052A80034C794 /* README.md */; };
		30B8DCE91CB589AC00164558 /* Environment.cpp in Sources */ = {isa = PBXBuildFile; fileRef = 30B8DCE71CB589AC00164558 /* Environment.cpp */; };
		30B8DCEB1CB58C3A00164558 /* skyTexture.png in Resources */ = {isa = PBXBuildFile; fileRef = 30B8DCEA1CB58C3A00164558 /* skyTexture.png */; };
		30C844331C422B01006452BE /* Audio.cpp in Sources */ = {isa = PBXBuildFile; fileRef = 30C844311C422B01006452BE /* Audio.cpp */; };
		30C844361C42C17E006452BE /* AudioUI.cpp in Sources */ = {isa = PBXBuildFile; fileRef = 30C844341C42C17E006452BE /* AudioUI.cpp */; };
		30C844391C42D110006452BE /* Model.cpp in Sources */ = {isa = PBXBuildFile; fileRef = 30C844371C42D110006452BE /* Model.cpp */; };
		30E16C281CDC00D5008729E7 /* ScrollingPattern.cpp in Sources */ = {isa = PBXBuildFile; fileRef = 30E16C261CDC00D4008729E7 /* ScrollingPattern.cpp */; };
		30E16C2E1CDEF76C008729E7 /* BeatPattern.cpp in Sources */ = {isa = PBXBuildFile; fileRef = 30E16C2C1CDEF76C008729E7 /* BeatPattern.cpp */; };
		30E57E231CE194730031D5AF /* ofxOscBundle.cpp in Sources */ = {isa = PBXBuildFile; fileRef = 30E57DFC1CE194730031D5AF /* ofxOscBundle.cpp */; };
		30E57E241CE194730031D5AF /* ofxOscMessage.cpp in Sources */ = {isa = PBXBuildFile; fileRef = 30E57DFE1CE194730031D5AF /* ofxOscMessage.cpp */; };
		30E57E251CE194730031D5AF /* ofxOscParameterSync.cpp in Sources */ = {isa = PBXBuildFile; fileRef = 30E57E001CE194730031D5AF /* ofxOscParameterSync.cpp */; };
		30E57E261CE194730031D5AF /* ofxOscReceiver.cpp in Sources */ = {isa = PBXBuildFile; fileRef = 30E57E021CE194730031D5AF /* ofxOscReceiver.cpp */; };
		30E57E271CE194730031D5AF /* ofxOscSender.cpp in Sources */ = {isa = PBXBuildFile; fileRef = 30E57E041CE194730031D5AF /* ofxOscSender.cpp */; };
		30E57E281CE194730031D5AF /* IpEndpointName.cpp in Sources */ = {isa = PBXBuildFile; fileRef = 30E57E0A1CE194730031D5AF /* IpEndpointName.cpp */; };
		30E57E291CE194730031D5AF /* NetworkingUtils.cpp in Sources */ = {isa = PBXBuildFile; fileRef = 30E57E0F1CE194730031D5AF /* NetworkingUtils.cpp */; };
		30E57E2A1CE194730031D5AF /* UdpSocket.cpp in Sources */ = {isa = PBXBuildFile; fileRef = 30E57E101CE194730031D5AF /* UdpSocket.cpp */; };
		30E57E2B1CE194730031D5AF /* OscOutboundPacketStream.cpp in Sources */ = {isa = PBXBuildFile; fileRef = 30E57E1A1CE194730031D5AF /* OscOutboundPacketStream.cpp */; };
		30E57E2C1CE194730031D5AF /* OscPrintReceivedElements.cpp in Sources */ = {isa = PBXBuildFile; fileRef = 30E57E1D1CE194730031D5AF /* OscPrintReceivedElements.cpp */; };
		30E57E2D1CE194730031D5AF /* OscReceivedElements.cpp in Sources */ = {isa = PBXBuildFile; fileRef = 30E57E1F1CE194730031D5AF /* OscReceivedElements.cpp */; };
		30E57E2E1CE194730031D5AF /* OscTypes.cpp in Sources */ = {isa = PBXBuildFile; fileRef = 30E57E211CE194730031D5AF /* OscTypes.cpp */; };
		30FDB28D1C8A65350079CE93 /* FftPattern.cpp in Sources */ = {isa = PBXBuildFile; fileRef = 30FDB28B1C8A65350079CE93 /* FftPattern.cpp */; };
		479DCA850DD8BB469A777AD4 /* ofxAubioBeat.cpp in Sources */ = {isa = PBXBuildFile; fileRef = A96B8F6D2ECF14F9304EBD6C /* ofxAubioBeat.cpp */; };
		483908258D00B98B4BE69F07 /* ofxLabel.cpp in Sources */ = {isa = PBXBuildFile; fileRef = 78D67A00EB899FAC09430597 /* ofxLabel.cpp */; };
		5CBB2AB3A60F65431D7B555D /* ofxButton.cpp in Sources */ = {isa = PBXBuildFile; fileRef = C88333E71C9457E441C33474 /* ofxButton.cpp */; };
		67383740F5CC47ED5F955A76 /* ofxAubioMelBands.cpp in Sources */ = {isa = PBXBuildFile; fileRef = 776A1553D592FD9AA388C543 /* ofxAubioMelBands.cpp */; };
		7AD999491D29E652002BD0F3 /* light.png in Resources */ = {isa = PBXBuildFile; fileRef = 7AD999481D29E652002BD0F3 /* light.png */; };
		7AD9994E1D2A118F002BD0F3 /* shaderFrag.glsl in Resources */ = {isa = PBXBuildFile; fileRef = 7AD9994B1D2A118F002BD0F3 /* shaderFrag.glsl */; };
		7AD9994F1D2A118F002BD0F3 /* shaderGeom.glsl in Resources */ = {isa = PBXBuildFile; fileRef = 7AD9994C1D2A118F002BD0F3 /* shaderGeom.glsl */; };
		7AD999501D2A118F002BD0F3 /* shaderVert.glsl in Resources */ = {isa = PBXBuildFile; fileRef = 7AD9994D1D2A118F002BD0F3 /* shaderVert.glsl */; };
		837220E80EB56CD44AD27F2A /* ofxSlider.cpp in Sources */ = {isa = PBXBuildFile; fileRef = 15F2C6477A769C03A56D1401 /* ofxSlider.cpp */; };
		856AA354D08AB4B323081444 /* ofxBaseGui.cpp in Sources */ = {isa = PBXBuildFile; fileRef = 9604B925D32EE39065747725 /* ofxBaseGui.cpp */; };
		9C7B8B4D99CDFC508E76CC3A /* ofxAubioOnset.cpp in Sources */ = {isa = PBXBuildFile; fileRef = 8A90A4B17BBB4CB627CA22C4 /* ofxAubioOnset.cpp */; };
		B266578FC55D23BFEBC042E7 /* ofxGuiGroup.cpp in Sources */ = {isa = PBXBuildFile; fileRef = ECF8674C7975F1063C5E30CA /* ofxGuiGroup.cpp */; };
		B56FE57CC35806596D38118C /* ofxSliderGroup.cpp in Sources */ = {isa = PBXBuildFile; fileRef = 802251BAF1B35B1D67B32FD0 /* ofxSliderGroup.cpp */; };
		C60077973A257D8F44947E2E /* ofxAubioBlock.cpp in Sources */ = {isa = PBXBuildFile; fileRef = 737C0C27DB7B0C9484DCEBAE /* ofxAubioBlock.cpp */; };
		E4328149138ABC9F0047C5CB /* openFrameworksDebug.a in Frameworks */ = {isa = PBXBuildFile; fileRef = E4328148138ABC890047C5CB /* openFrameworksDebug.a */; };
		E4B69E200A3A1BDC003C02F2 /* main.cpp in Sources */ = {isa = PBXBuildFile; fileRef = E4B69E1D0A3A1BDC003C02F2 /* main.cpp */; };
		E4B69E210A3A1BDC003C02F2 /* ofApp.cpp in Sources */ = {isa = PBXBuildFile; fileRef = E4B69E1E0A3A1BDC003C02F2 /* ofApp.cpp */; };
		F285EB3169F1566CA3D93C20 /* ofxPanel.cpp in Sources */ = {isa = PBXBuildFile; fileRef = E112B3AEBEA2C091BF2B40AE /* ofxPanel.cpp */; };
/* End PBXBuildFile section */

/* Begin PBXContainerItemProxy section */
		E4328147138ABC890047C5CB /* PBXContainerItemProxy */ = {
			isa = PBXContainerItemProxy;
			containerPortal = E4328143138ABC890047C5CB /* openFrameworksLib.xcodeproj */;
			proxyType = 2;
			remoteGlobalIDString = E4B27C1510CBEB8E00536013;
			remoteInfo = openFrameworks;
		};
		E4EEB9AB138B136A00A80321 /* PBXContainerItemProxy */ = {
			isa = PBXContainerItemProxy;
			containerPortal = E4328143138ABC890047C5CB /* openFrameworksLib.xcodeproj */;
			proxyType = 1;
			remoteGlobalIDString = E4B27C1410CBEB8E00536013;
			remoteInfo = openFrameworks;
		};
/* End PBXContainerItemProxy section */

/* Begin PBXCopyFilesBuildPhase section */
		E4C2427710CC5ABF004149E2 /* CopyFiles */ = {
			isa = PBXCopyFilesBuildPhase;
			buildActionMask = 2147483647;
			dstPath = "";
			dstSubfolderSpec = 7;
			files = (
			);
			runOnlyForDeploymentPostprocessing = 0;
		};
/* End PBXCopyFilesBuildPhase section */

/* Begin PBXFileReference section */
		0984191B2003C1E86CF4C57A /* ofxAubioOnset.h */ = {isa = PBXFileReference; explicitFileType = sourcecode.c.h; fileEncoding = 30; name = ofxAubioOnset.h; path = ../../../addons/ofxAubio/src/ofxAubioOnset.h; sourceTree = SOURCE_ROOT; };
		0A1DAC09F322AE313A40706D /* ofxToggle.h */ = {isa = PBXFileReference; explicitFileType = sourcecode.c.h; fileEncoding = 30; name = ofxToggle.h; path = ../../../addons/ofxGui/src/ofxToggle.h; sourceTree = SOURCE_ROOT; };
		15F2C6477A769C03A56D1401 /* ofxSlider.cpp */ = {isa = PBXFileReference; explicitFileType = sourcecode.cpp.cpp; fileEncoding = 30; name = ofxSlider.cpp; path = ../../../addons/ofxGui/src/ofxSlider.cpp; sourceTree = SOURCE_ROOT; };
		17E65988300FBD9AAA2CD0CA /* ofxGui.h */ = {isa = PBXFileReference; explicitFileType = sourcecode.c.h; fileEncoding = 30; name = ofxGui.h; path = ../../../addons/ofxGui/src/ofxGui.h; sourceTree = SOURCE_ROOT; };
		1C0DA2561397A7DE0246858B /* ofxGuiGroup.h */ = {isa = PBXFileReference; explicitFileType = sourcecode.c.h; fileEncoding = 30; name = ofxGuiGroup.h; path = ../../../addons/ofxGui/src/ofxGuiGroup.h; sourceTree = SOURCE_ROOT; };
		238BB8FC8860C7A7012B2E27 /* ofxAubioMelBands.h */ = {isa = PBXFileReference; explicitFileType = sourcecode.c.h; fileEncoding = 30; name = ofxAubioMelBands.h; path = ../../../addons/ofxAubio/src/ofxAubioMelBands.h; sourceTree = SOURCE_ROOT; };
		2834D88A62CD23F3DE2C47D1 /* ofxButton.h */ = {isa = PBXFileReference; explicitFileType = sourcecode.c.h; fileEncoding = 30; name = ofxButton.h; path = ../../../addons/ofxGui/src/ofxButton.h; sourceTree = SOURCE_ROOT; };
		3002E85C1C88F9C900689E57 /* Previs.cpp */ = {isa = PBXFileReference; fileEncoding = 4; lastKnownFileType = sourcecode.cpp.cpp; name = Previs.cpp; path = Previs/Previs.cpp; sourceTree = "<group>"; };
		3002E85D1C88F9C900689E57 /* Previs.hpp */ = {isa = PBXFileReference; fileEncoding = 4; lastKnownFileType = sourcecode.cpp.h; name = Previs.hpp; path = Previs/Previs.hpp; sourceTree = "<group>"; };
		300802101CB723AD0031DAF2 /* burner1.png */ = {isa = PBXFileReference; lastKnownFileType = image.png; name = burner1.png; path = Resources/burner1.png; sourceTree = "<group>"; };
		300802111CB723AD0031DAF2 /* burner2.png */ = {isa = PBXFileReference; lastKnownFileType = image.png; name = burner2.png; path = Resources/burner2.png; sourceTree = "<group>"; };
		300CF03C1C652BD800295FBF /* libavcodec.a */ = {isa = PBXFileReference; lastKnownFileType = archive.ar; name = libavcodec.a; path = ../../../../../../../../usr/local/lib/libavcodec.a; sourceTree = "<group>"; };
		300CF03D1C652BD800295FBF /* libavformat.a */ = {isa = PBXFileReference; lastKnownFileType = archive.ar; name = libavformat.a; path = ../../../../../../../../usr/local/lib/libavformat.a; sourceTree = "<group>"; };
		300CF03E1C652BD800295FBF /* libavresample.a */ = {isa = PBXFileReference; lastKnownFileType = archive.ar; name = libavresample.a; path = ../../../../../../../../usr/local/lib/libavresample.a; sourceTree = "<group>"; };
		300CF03F1C652BD800295FBF /* libavutil.a */ = {isa = PBXFileReference; lastKnownFileType = archive.ar; name = libavutil.a; path = ../../../../../../../../usr/local/lib/libavutil.a; sourceTree = "<group>"; };
		300CF0401C652BD800295FBF /* libessentia.dylib */ = {isa = PBXFileReference; lastKnownFileType = "compiled.mach-o.dylib"; name = libessentia.dylib; path = ../../../../../../../../usr/local/lib/libessentia.dylib; sourceTree = "<group>"; };
		300CF0411C652BD800295FBF /* libfftw3.a */ = {isa = PBXFileReference; lastKnownFileType = archive.ar; name = libfftw3.a; path = ../../../../../../../../usr/local/lib/libfftw3.a; sourceTree = "<group>"; };
		300CF0421C652BD800295FBF /* libfftw3f.a */ = {isa = PBXFileReference; lastKnownFileType = archive.ar; name = libfftw3f.a; path = ../../../../../../../../usr/local/lib/libfftw3f.a; sourceTree = "<group>"; };
		300CF0431C652BD800295FBF /* libsamplerate.a */ = {isa = PBXFileReference; lastKnownFileType = archive.ar; name = libsamplerate.a; path = ../../../../../../../../usr/local/lib/libsamplerate.a; sourceTree = "<group>"; };
		300CF0441C652BD800295FBF /* libswresample.a */ = {isa = PBXFileReference; lastKnownFileType = archive.ar; name = libswresample.a; path = ../../../../../../../../usr/local/lib/libswresample.a; sourceTree = "<group>"; };
		300CF0451C652BD800295FBF /* libtag.dylib */ = {isa = PBXFileReference; lastKnownFileType = "compiled.mach-o.dylib"; name = libtag.dylib; path = ../../../../../../../../usr/local/lib/libtag.dylib; sourceTree = "<group>"; };
		300CF0461C652BD800295FBF /* libyaml.a */ = {isa = PBXFileReference; lastKnownFileType = archive.ar; name = libyaml.a; path = ../../../../../../../../usr/local/lib/libyaml.a; sourceTree = "<group>"; };
		3012AAAB1C9BAA2A005B2B46 /* ExamplePattern.cpp */ = {isa = PBXFileReference; fileEncoding = 4; lastKnownFileType = sourcecode.cpp.cpp; name = ExamplePattern.cpp; path = Patterns/ExamplePattern.cpp; sourceTree = "<group>"; };
		3012AAAC1C9BAA2A005B2B46 /* ExamplePattern.hpp */ = {isa = PBXFileReference; fileEncoding = 4; lastKnownFileType = sourcecode.cpp.h; name = ExamplePattern.hpp; path = Patterns/ExamplePattern.hpp; sourceTree = "<group>"; };
		301742251CAE3140007F3D32 /* libaubio.dylib */ = {isa = PBXFileReference; lastKnownFileType = "compiled.mach-o.dylib"; name = libaubio.dylib; path = ../../../../../../../../usr/local/Cellar/aubio/0.4.2/lib/libaubio.dylib; sourceTree = "<group>"; };
		302695351C8FEE1D007F749C /* Buffer.hpp */ = {isa = PBXFileReference; fileEncoding = 4; lastKnownFileType = sourcecode.cpp.h; path = Buffer.hpp; sourceTree = "<group>"; };
		302F35931C93CA39001D5E51 /* OnsetHistory.cpp */ = {isa = PBXFileReference; fileEncoding = 4; lastKnownFileType = sourcecode.cpp.cpp; name = OnsetHistory.cpp; path = Input/OnsetHistory.cpp; sourceTree = "<group>"; };
		302F35941C93CA39001D5E51 /* OnsetHistory.hpp */ = {isa = PBXFileReference; fileEncoding = 4; lastKnownFileType = sourcecode.cpp.h; name = OnsetHistory.hpp; path = Input/OnsetHistory.hpp; sourceTree = "<group>"; };
		302F35961C972BE2001D5E51 /* BeatHistory.cpp */ = {isa = PBXFileReference; fileEncoding = 4; lastKnownFileType = sourcecode.cpp.cpp; name = BeatHistory.cpp; path = Input/BeatHistory.cpp; sourceTree = "<group>"; };
		302F35971C972BE2001D5E51 /* BeatHistory.hpp */ = {isa = PBXFileReference; fileEncoding = 4; lastKnownFileType = sourcecode.cpp.h; name = BeatHistory.hpp; path = Input/BeatHistory.hpp; sourceTree = "<group>"; };
		302F35991C972DE6001D5E51 /* EventHistory.cpp */ = {isa = PBXFileReference; fileEncoding = 4; lastKnownFileType = sourcecode.cpp.cpp; name = EventHistory.cpp; path = Input/EventHistory.cpp; sourceTree = "<group>"; };
		302F359A1C972DE6001D5E51 /* EventHistory.hpp */ = {isa = PBXFileReference; fileEncoding = 4; lastKnownFileType = sourcecode.cpp.h; name = EventHistory.hpp; path = Input/EventHistory.hpp; sourceTree = "<group>"; };
		303B2BD41CA24D4F00322318 /* StripesPattern.cpp */ = {isa = PBXFileReference; fileEncoding = 4; lastKnownFileType = sourcecode.cpp.cpp; name = StripesPattern.cpp; path = Patterns/StripesPattern.cpp; sourceTree = "<group>"; };
		303B2BD51CA24D4F00322318 /* StripesPattern.hpp */ = {isa = PBXFileReference; fileEncoding = 4; lastKnownFileType = sourcecode.cpp.h; name = StripesPattern.hpp; path = Patterns/StripesPattern.hpp; sourceTree = "<group>"; };
		305892A21C9921240030F338 /* UiMixin.cpp */ = {isa = PBXFileReference; fileEncoding = 4; lastKnownFileType = sourcecode.cpp.cpp; path = UiMixin.cpp; sourceTree = "<group>"; };
		305892A31C9921240030F338 /* UiMixin.hpp */ = {isa = PBXFileReference; fileEncoding = 4; lastKnownFileType = sourcecode.cpp.h; path = UiMixin.hpp; sourceTree = "<group>"; };
		306565A11C472E7C00917ADB /* App.cpp */ = {isa = PBXFileReference; fileEncoding = 4; lastKnownFileType = sourcecode.cpp.cpp; path = App.cpp; sourceTree = "<group>"; };
		306565A21C472E7C00917ADB /* App.hpp */ = {isa = PBXFileReference; fileEncoding = 4; lastKnownFileType = sourcecode.cpp.h; path = App.hpp; sourceTree = "<group>"; };
		3068B2421CB576BF0092949A /* previsCameraData.txt */ = {isa = PBXFileReference; lastKnownFileType = text; name = previsCameraData.txt; path = Resources/previsCameraData.txt; sourceTree = "<group>"; };
		3068B2471CB5808E0092949A /* Util.cpp */ = {isa = PBXFileReference; fileEncoding = 4; lastKnownFileType = sourcecode.cpp.cpp; path = Util.cpp; sourceTree = "<group>"; };
		3068B2481CB5808E0092949A /* Util.hpp */ = {isa = PBXFileReference; fileEncoding = 4; lastKnownFileType = sourcecode.cpp.h; path = Util.hpp; sourceTree = "<group>"; };
		306DFD3D1C80100200AB9225 /* ofxArtnet.cpp */ = {isa = PBXFileReference; fileEncoding = 4; lastKnownFileType = sourcecode.cpp.cpp; path = ofxArtnet.cpp; sourceTree = "<group>"; };
		306DFD3E1C80100200AB9225 /* ofxArtnet.hpp */ = {isa = PBXFileReference; fileEncoding = 4; lastKnownFileType = sourcecode.cpp.h; path = ofxArtnet.hpp; sourceTree = "<group>"; };
		3074F8CF1C874AF2008BD5EF /* Pattern.cpp */ = {isa = PBXFileReference; fileEncoding = 4; lastKnownFileType = sourcecode.cpp.cpp; name = Pattern.cpp; path = Patterns/Pattern.cpp; sourceTree = "<group>"; };
		3074F8D01C874AF2008BD5EF /* Pattern.hpp */ = {isa = PBXFileReference; fileEncoding = 4; lastKnownFileType = sourcecode.cpp.h; name = Pattern.hpp; path = Patterns/Pattern.hpp; sourceTree = "<group>"; };
		308CEE481C48593A007C124A /* artnet.c */ = {isa = PBXFileReference; fileEncoding = 4; lastKnownFileType = sourcecode.c.c; path = artnet.c; sourceTree = "<group>"; };
		308CEE491C48593A007C124A /* artnet.h */ = {isa = PBXFileReference; fileEncoding = 4; lastKnownFileType = sourcecode.c.h; path = artnet.h; sourceTree = "<group>"; };
		308CEE4A1C48593A007C124A /* common.h */ = {isa = PBXFileReference; fileEncoding = 4; lastKnownFileType = sourcecode.c.h; path = common.h; sourceTree = "<group>"; };
		308CEE4B1C48593A007C124A /* config.h */ = {isa = PBXFileReference; fileEncoding = 4; lastKnownFileType = sourcecode.c.h; path = config.h; sourceTree = "<group>"; };
		308CEE4C1C48593A007C124A /* misc.c */ = {isa = PBXFileReference; fileEncoding = 4; lastKnownFileType = sourcecode.c.c; path = misc.c; sourceTree = "<group>"; };
		308CEE4D1C48593A007C124A /* misc.h */ = {isa = PBXFileReference; fileEncoding = 4; lastKnownFileType = sourcecode.c.h; path = misc.h; sourceTree = "<group>"; };
		308CEE4E1C48593A007C124A /* network.c */ = {isa = PBXFileReference; fileEncoding = 4; lastKnownFileType = sourcecode.c.c; path = network.c; sourceTree = "<group>"; };
		308CEE4F1C48593A007C124A /* packets.h */ = {isa = PBXFileReference; fileEncoding = 4; lastKnownFileType = sourcecode.c.h; path = packets.h; sourceTree = "<group>"; };
		308CEE501C48593A007C124A /* private.h */ = {isa = PBXFileReference; fileEncoding = 4; lastKnownFileType = sourcecode.c.h; path = private.h; sourceTree = "<group>"; };
		308CEE511C48593A007C124A /* receive.c */ = {isa = PBXFileReference; fileEncoding = 4; lastKnownFileType = sourcecode.c.c; path = receive.c; sourceTree = "<group>"; };
		308CEE521C48593A007C124A /* tod.c */ = {isa = PBXFileReference; fileEncoding = 4; lastKnownFileType = sourcecode.c.c; path = tod.c; sourceTree = "<group>"; };
		308CEE531C48593A007C124A /* tod.h */ = {isa = PBXFileReference; fileEncoding = 4; lastKnownFileType = sourcecode.c.h; path = tod.h; sourceTree = "<group>"; };
		308CEE541C48593A007C124A /* transmit.c */ = {isa = PBXFileReference; fileEncoding = 4; lastKnownFileType = sourcecode.c.c; path = transmit.c; sourceTree = "<group>"; };
		308CEE5B1C48598D007C124A /* Artnet.cpp */ = {isa = PBXFileReference; fileEncoding = 4; lastKnownFileType = sourcecode.cpp.cpp; path = Artnet.cpp; sourceTree = "<group>"; };
		308CEE5C1C48598D007C124A /* Artnet.hpp */ = {isa = PBXFileReference; fileEncoding = 4; lastKnownFileType = sourcecode.cpp.h; path = Artnet.hpp; sourceTree = "<group>"; };
		308CEE5E1C486171007C124A /* artnet_AUTHORS */ = {isa = PBXFileReference; fileEncoding = 4; lastKnownFileType = text; path = artnet_AUTHORS; sourceTree = "<group>"; };
		308CEE5F1C486177007C124A /* artnet_COPYING */ = {isa = PBXFileReference; fileEncoding = 4; lastKnownFileType = text; path = artnet_COPYING; sourceTree = "<group>"; };
		30AC5FEA1C448C7600B793E9 /* Types.hpp */ = {isa = PBXFileReference; lastKnownFileType = sourcecode.cpp.h; path = Types.hpp; sourceTree = "<group>"; };
		30AEA5971C4052A80034C794 /* README.md */ = {isa = PBXFileReference; fileEncoding = 4; lastKnownFileType = net.daringfireball.markdown; path = README.md; sourceTree = SOURCE_ROOT; };
		30B8DCE71CB589AC00164558 /* Environment.cpp */ = {isa = PBXFileReference; fileEncoding = 4; lastKnownFileType = sourcecode.cpp.cpp; name = Environment.cpp; path = Previs/Environment.cpp; sourceTree = "<group>"; };
		30B8DCE81CB589AC00164558 /* Environment.hpp */ = {isa = PBXFileReference; fileEncoding = 4; lastKnownFileType = sourcecode.cpp.h; name = Environment.hpp; path = Previs/Environment.hpp; sourceTree = "<group>"; };
		30B8DCEA1CB58C3A00164558 /* skyTexture.png */ = {isa = PBXFileReference; lastKnownFileType = image.png; name = skyTexture.png; path = Resources/skyTexture.png; sourceTree = "<group>"; };
		30C844311C422B01006452BE /* Audio.cpp */ = {isa = PBXFileReference; fileEncoding = 4; lastKnownFileType = sourcecode.cpp.cpp; name = Audio.cpp; path = Input/Audio.cpp; sourceTree = "<group>"; };
		30C844321C422B01006452BE /* Audio.hpp */ = {isa = PBXFileReference; fileEncoding = 4; lastKnownFileType = sourcecode.cpp.h; name = Audio.hpp; path = Input/Audio.hpp; sourceTree = "<group>"; };
		30C844341C42C17E006452BE /* AudioUI.cpp */ = {isa = PBXFileReference; fileEncoding = 4; lastKnownFileType = sourcecode.cpp.cpp; name = AudioUI.cpp; path = Input/AudioUI.cpp; sourceTree = "<group>"; };
		30C844351C42C17E006452BE /* AudioUI.hpp */ = {isa = PBXFileReference; fileEncoding = 4; lastKnownFileType = sourcecode.cpp.h; name = AudioUI.hpp; path = Input/AudioUI.hpp; sourceTree = "<group>"; };
		30C844371C42D110006452BE /* Model.cpp */ = {isa = PBXFileReference; fileEncoding = 4; lastKnownFileType = sourcecode.cpp.cpp; path = Model.cpp; sourceTree = "<group>"; };
		30C844381C42D110006452BE /* Model.hpp */ = {isa = PBXFileReference; fileEncoding = 4; lastKnownFileType = sourcecode.cpp.h; path = Model.hpp; sourceTree = "<group>"; };
		30E16C251CDBEF59008729E7 /* SimpleBuffer.hpp */ = {isa = PBXFileReference; lastKnownFileType = sourcecode.cpp.h; path = SimpleBuffer.hpp; sourceTree = "<group>"; };
		30E16C261CDC00D4008729E7 /* ScrollingPattern.cpp */ = {isa = PBXFileReference; fileEncoding = 4; lastKnownFileType = sourcecode.cpp.cpp; name = ScrollingPattern.cpp; path = Patterns/ScrollingPattern.cpp; sourceTree = "<group>"; };
		30E16C271CDC00D4008729E7 /* ScrollingPattern.hpp */ = {isa = PBXFileReference; fileEncoding = 4; lastKnownFileType = sourcecode.cpp.h; name = ScrollingPattern.hpp; path = Patterns/ScrollingPattern.hpp; sourceTree = "<group>"; };
		30E16C2C1CDEF76C008729E7 /* BeatPattern.cpp */ = {isa = PBXFileReference; fileEncoding = 4; lastKnownFileType = sourcecode.cpp.cpp; name = BeatPattern.cpp; path = Patterns/BeatPattern.cpp; sourceTree = "<group>"; };
		30E16C2D1CDEF76C008729E7 /* BeatPattern.hpp */ = {isa = PBXFileReference; fileEncoding = 4; lastKnownFileType = sourcecode.cpp.h; name = BeatPattern.hpp; path = Patterns/BeatPattern.hpp; sourceTree = "<group>"; };
		30E57DFA1CE194730031D5AF /* ofxOsc.h */ = {isa = PBXFileReference; lastKnownFileType = sourcecode.c.h; path = ofxOsc.h; sourceTree = "<group>"; };
		30E57DFB1CE194730031D5AF /* ofxOscArg.h */ = {isa = PBXFileReference; lastKnownFileType = sourcecode.c.h; path = ofxOscArg.h; sourceTree = "<group>"; };
		30E57DFC1CE194730031D5AF /* ofxOscBundle.cpp */ = {isa = PBXFileReference; lastKnownFileType = sourcecode.cpp.cpp; path = ofxOscBundle.cpp; sourceTree = "<group>"; };
		30E57DFD1CE194730031D5AF /* ofxOscBundle.h */ = {isa = PBXFileReference; lastKnownFileType = sourcecode.c.h; path = ofxOscBundle.h; sourceTree = "<group>"; };
		30E57DFE1CE194730031D5AF /* ofxOscMessage.cpp */ = {isa = PBXFileReference; lastKnownFileType = sourcecode.cpp.cpp; path = ofxOscMessage.cpp; sourceTree = "<group>"; };
		30E57DFF1CE194730031D5AF /* ofxOscMessage.h */ = {isa = PBXFileReference; lastKnownFileType = sourcecode.c.h; path = ofxOscMessage.h; sourceTree = "<group>"; };
		30E57E001CE194730031D5AF /* ofxOscParameterSync.cpp */ = {isa = PBXFileReference; lastKnownFileType = sourcecode.cpp.cpp; path = ofxOscParameterSync.cpp; sourceTree = "<group>"; };
		30E57E011CE194730031D5AF /* ofxOscParameterSync.h */ = {isa = PBXFileReference; lastKnownFileType = sourcecode.c.h; path = ofxOscParameterSync.h; sourceTree = "<group>"; };
		30E57E021CE194730031D5AF /* ofxOscReceiver.cpp */ = {isa = PBXFileReference; lastKnownFileType = sourcecode.cpp.cpp; path = ofxOscReceiver.cpp; sourceTree = "<group>"; };
		30E57E031CE194730031D5AF /* ofxOscReceiver.h */ = {isa = PBXFileReference; lastKnownFileType = sourcecode.c.h; path = ofxOscReceiver.h; sourceTree = "<group>"; };
		30E57E041CE194730031D5AF /* ofxOscSender.cpp */ = {isa = PBXFileReference; lastKnownFileType = sourcecode.cpp.cpp; path = ofxOscSender.cpp; sourceTree = "<group>"; };
		30E57E051CE194730031D5AF /* ofxOscSender.h */ = {isa = PBXFileReference; lastKnownFileType = sourcecode.c.h; path = ofxOscSender.h; sourceTree = "<group>"; };
		30E57E0A1CE194730031D5AF /* IpEndpointName.cpp */ = {isa = PBXFileReference; lastKnownFileType = sourcecode.cpp.cpp; path = IpEndpointName.cpp; sourceTree = "<group>"; };
		30E57E0B1CE194730031D5AF /* IpEndpointName.h */ = {isa = PBXFileReference; lastKnownFileType = sourcecode.c.h; path = IpEndpointName.h; sourceTree = "<group>"; };
		30E57E0C1CE194730031D5AF /* NetworkingUtils.h */ = {isa = PBXFileReference; lastKnownFileType = sourcecode.c.h; path = NetworkingUtils.h; sourceTree = "<group>"; };
		30E57E0D1CE194730031D5AF /* PacketListener.h */ = {isa = PBXFileReference; lastKnownFileType = sourcecode.c.h; path = PacketListener.h; sourceTree = "<group>"; };
		30E57E0F1CE194730031D5AF /* NetworkingUtils.cpp */ = {isa = PBXFileReference; lastKnownFileType = sourcecode.cpp.cpp; path = NetworkingUtils.cpp; sourceTree = "<group>"; };
		30E57E101CE194730031D5AF /* UdpSocket.cpp */ = {isa = PBXFileReference; lastKnownFileType = sourcecode.cpp.cpp; path = UdpSocket.cpp; sourceTree = "<group>"; };
		30E57E111CE194730031D5AF /* TimerListener.h */ = {isa = PBXFileReference; lastKnownFileType = sourcecode.c.h; path = TimerListener.h; sourceTree = "<group>"; };
		30E57E121CE194730031D5AF /* UdpSocket.h */ = {isa = PBXFileReference; lastKnownFileType = sourcecode.c.h; path = UdpSocket.h; sourceTree = "<group>"; };
		30E57E171CE194730031D5AF /* MessageMappingOscPacketListener.h */ = {isa = PBXFileReference; lastKnownFileType = sourcecode.c.h; path = MessageMappingOscPacketListener.h; sourceTree = "<group>"; };
		30E57E181CE194730031D5AF /* OscException.h */ = {isa = PBXFileReference; lastKnownFileType = sourcecode.c.h; path = OscException.h; sourceTree = "<group>"; };
		30E57E191CE194730031D5AF /* OscHostEndianness.h */ = {isa = PBXFileReference; lastKnownFileType = sourcecode.c.h; path = OscHostEndianness.h; sourceTree = "<group>"; };
		30E57E1A1CE194730031D5AF /* OscOutboundPacketStream.cpp */ = {isa = PBXFileReference; lastKnownFileType = sourcecode.cpp.cpp; path = OscOutboundPacketStream.cpp; sourceTree = "<group>"; };
		30E57E1B1CE194730031D5AF /* OscOutboundPacketStream.h */ = {isa = PBXFileReference; lastKnownFileType = sourcecode.c.h; path = OscOutboundPacketStream.h; sourceTree = "<group>"; };
		30E57E1C1CE194730031D5AF /* OscPacketListener.h */ = {isa = PBXFileReference; lastKnownFileType = sourcecode.c.h; path = OscPacketListener.h; sourceTree = "<group>"; };
		30E57E1D1CE194730031D5AF /* OscPrintReceivedElements.cpp */ = {isa = PBXFileReference; lastKnownFileType = sourcecode.cpp.cpp; path = OscPrintReceivedElements.cpp; sourceTree = "<group>"; };
		30E57E1E1CE194730031D5AF /* OscPrintReceivedElements.h */ = {isa = PBXFileReference; lastKnownFileType = sourcecode.c.h; path = OscPrintReceivedElements.h; sourceTree = "<group>"; };
		30E57E1F1CE194730031D5AF /* OscReceivedElements.cpp */ = {isa = PBXFileReference; lastKnownFileType = sourcecode.cpp.cpp; path = OscReceivedElements.cpp; sourceTree = "<group>"; };
		30E57E201CE194730031D5AF /* OscReceivedElements.h */ = {isa = PBXFileReference; lastKnownFileType = sourcecode.c.h; path = OscReceivedElements.h; sourceTree = "<group>"; };
		30E57E211CE194730031D5AF /* OscTypes.cpp */ = {isa = PBXFileReference; lastKnownFileType = sourcecode.cpp.cpp; path = OscTypes.cpp; sourceTree = "<group>"; };
		30E57E221CE194730031D5AF /* OscTypes.h */ = {isa = PBXFileReference; lastKnownFileType = sourcecode.c.h; path = OscTypes.h; sourceTree = "<group>"; };
		30FDB28B1C8A65350079CE93 /* FftPattern.cpp */ = {isa = PBXFileReference; fileEncoding = 4; lastKnownFileType = sourcecode.cpp.cpp; name = FftPattern.cpp; path = Patterns/FftPattern.cpp; sourceTree = "<group>"; };
		30FDB28C1C8A65350079CE93 /* FftPattern.hpp */ = {isa = PBXFileReference; fileEncoding = 4; lastKnownFileType = sourcecode.cpp.h; name = FftPattern.hpp; path = Patterns/FftPattern.hpp; sourceTree = "<group>"; };
		3B6AFA97F893CE28547CFCDC /* ofxAubio.h */ = {isa = PBXFileReference; explicitFileType = sourcecode.c.h; fileEncoding = 30; name = ofxAubio.h; path = ../../../addons/ofxAubio/src/ofxAubio.h; sourceTree = SOURCE_ROOT; };
		4B17A983E507AB0B3F71A2D6 /* ofxAubioBlock.h */ = {isa = PBXFileReference; explicitFileType = sourcecode.c.h; fileEncoding = 30; name = ofxAubioBlock.h; path = ../../../addons/ofxAubio/src/ofxAubioBlock.h; sourceTree = SOURCE_ROOT; };
		52AFA1F08C420992CAAAE648 /* ofxSlider.h */ = {isa = PBXFileReference; explicitFileType = sourcecode.c.h; fileEncoding = 30; name = ofxSlider.h; path = ../../../addons/ofxGui/src/ofxSlider.h; sourceTree = SOURCE_ROOT; };
		737C0C27DB7B0C9484DCEBAE /* ofxAubioBlock.cpp */ = {isa = PBXFileReference; explicitFileType = sourcecode.cpp.cpp; fileEncoding = 30; name = ofxAubioBlock.cpp; path = ../../../addons/ofxAubio/src/ofxAubioBlock.cpp; sourceTree = SOURCE_ROOT; };
		776A1553D592FD9AA388C543 /* ofxAubioMelBands.cpp */ = {isa = PBXFileReference; explicitFileType = sourcecode.cpp.cpp; fileEncoding = 30; name = ofxAubioMelBands.cpp; path = ../../../addons/ofxAubio/src/ofxAubioMelBands.cpp; sourceTree = SOURCE_ROOT; };
		78D67A00EB899FAC09430597 /* ofxLabel.cpp */ = {isa = PBXFileReference; explicitFileType = sourcecode.cpp.cpp; fileEncoding = 30; name = ofxLabel.cpp; path = ../../../addons/ofxGui/src/ofxLabel.cpp; sourceTree = SOURCE_ROOT; };
		7AD999481D29E652002BD0F3 /* light.png */ = {isa = PBXFileReference; lastKnownFileType = image.png; name = light.png; path = Resources/light.png; sourceTree = "<group>"; };
		7AD9994B1D2A118F002BD0F3 /* shaderFrag.glsl */ = {isa = PBXFileReference; fileEncoding = 4; lastKnownFileType = text; name = shaderFrag.glsl; path = Resources/shaderFrag.glsl; sourceTree = "<group>"; };
		7AD9994C1D2A118F002BD0F3 /* shaderGeom.glsl */ = {isa = PBXFileReference; fileEncoding = 4; lastKnownFileType = text; name = shaderGeom.glsl; path = Resources/shaderGeom.glsl; sourceTree = "<group>"; };
		7AD9994D1D2A118F002BD0F3 /* shaderVert.glsl */ = {isa = PBXFileReference; fileEncoding = 4; lastKnownFileType = text; name = shaderVert.glsl; path = Resources/shaderVert.glsl; sourceTree = "<group>"; };
		802251BAF1B35B1D67B32FD0 /* ofxSliderGroup.cpp */ = {isa = PBXFileReference; explicitFileType = sourcecode.cpp.cpp; fileEncoding = 30; name = ofxSliderGroup.cpp; path = ../../../addons/ofxGui/src/ofxSliderGroup.cpp; sourceTree = SOURCE_ROOT; };
		87F26B4B24CBD428AD9EEBAA /* ofxBaseGui.h */ = {isa = PBXFileReference; explicitFileType = sourcecode.c.h; fileEncoding = 30; name = ofxBaseGui.h; path = ../../../addons/ofxGui/src/ofxBaseGui.h; sourceTree = SOURCE_ROOT; };
		89449E3044D456F7DE7BEA14 /* ofxPanel.h */ = {isa = PBXFileReference; explicitFileType = sourcecode.c.h; fileEncoding = 30; name = ofxPanel.h; path = ../../../addons/ofxGui/src/ofxPanel.h; sourceTree = SOURCE_ROOT; };
		8A90A4B17BBB4CB627CA22C4 /* ofxAubioOnset.cpp */ = {isa = PBXFileReference; explicitFileType = sourcecode.cpp.cpp; fileEncoding = 30; name = ofxAubioOnset.cpp; path = ../../../addons/ofxAubio/src/ofxAubioOnset.cpp; sourceTree = SOURCE_ROOT; };
		907C5B5E104864A2D3A25745 /* ofxToggle.cpp */ = {isa = PBXFileReference; explicitFileType = sourcecode.cpp.cpp; fileEncoding = 30; name = ofxToggle.cpp; path = ../../../addons/ofxGui/src/ofxToggle.cpp; sourceTree = SOURCE_ROOT; };
		93CAC8A94359FD331BAD8CFA /* ofxAubioPitch.cpp */ = {isa = PBXFileReference; explicitFileType = sourcecode.cpp.cpp; fileEncoding = 30; name = ofxAubioPitch.cpp; path = ../../../addons/ofxAubio/src/ofxAubioPitch.cpp; sourceTree = SOURCE_ROOT; };
		9604B925D32EE39065747725 /* ofxBaseGui.cpp */ = {isa = PBXFileReference; explicitFileType = sourcecode.cpp.cpp; fileEncoding = 30; name = ofxBaseGui.cpp; path = ../../../addons/ofxGui/src/ofxBaseGui.cpp; sourceTree = SOURCE_ROOT; };
		9D2C29B96659EBB7A0C5672F /* ofxAubioPitch.h */ = {isa = PBXFileReference; explicitFileType = sourcecode.c.h; fileEncoding = 30; name = ofxAubioPitch.h; path = ../../../addons/ofxAubio/src/ofxAubioPitch.h; sourceTree = SOURCE_ROOT; };
		A96B8F6D2ECF14F9304EBD6C /* ofxAubioBeat.cpp */ = {isa = PBXFileReference; explicitFileType = sourcecode.cpp.cpp; fileEncoding = 30; name = ofxAubioBeat.cpp; path = ../../../addons/ofxAubio/src/ofxAubioBeat.cpp; sourceTree = SOURCE_ROOT; };
		B87C60311EC1FE841C1ECD89 /* ofxLabel.h */ = {isa = PBXFileReference; explicitFileType = sourcecode.c.h; fileEncoding = 30; name = ofxLabel.h; path = ../../../addons/ofxGui/src/ofxLabel.h; sourceTree = SOURCE_ROOT; };
		C70D8946940288799E82131E /* ofxSliderGroup.h */ = {isa = PBXFileReference; explicitFileType = sourcecode.c.h; fileEncoding = 30; name = ofxSliderGroup.h; path = ../../../addons/ofxGui/src/ofxSliderGroup.h; sourceTree = SOURCE_ROOT; };
		C88333E71C9457E441C33474 /* ofxButton.cpp */ = {isa = PBXFileReference; explicitFileType = sourcecode.cpp.cpp; fileEncoding = 30; name = ofxButton.cpp; path = ../../../addons/ofxGui/src/ofxButton.cpp; sourceTree = SOURCE_ROOT; };
		E112B3AEBEA2C091BF2B40AE /* ofxPanel.cpp */ = {isa = PBXFileReference; explicitFileType = sourcecode.cpp.cpp; fileEncoding = 30; name = ofxPanel.cpp; path = ../../../addons/ofxGui/src/ofxPanel.cpp; sourceTree = SOURCE_ROOT; };
		E4328143138ABC890047C5CB /* openFrameworksLib.xcodeproj */ = {isa = PBXFileReference; lastKnownFileType = "wrapper.pb-project"; name = openFrameworksLib.xcodeproj; path = ../../../libs/openFrameworksCompiled/project/osx/openFrameworksLib.xcodeproj; sourceTree = SOURCE_ROOT; };
		E4B69B5B0A3A1756003C02F2 /* SonicRunwayDebug.app */ = {isa = PBXFileReference; explicitFileType = wrapper.application; includeInIndex = 0; path = SonicRunwayDebug.app; sourceTree = BUILT_PRODUCTS_DIR; };
		E4B69E1D0A3A1BDC003C02F2 /* main.cpp */ = {isa = PBXFileReference; fileEncoding = 30; lastKnownFileType = sourcecode.cpp.cpp; name = main.cpp; path = src/main.cpp; sourceTree = SOURCE_ROOT; };
		E4B69E1E0A3A1BDC003C02F2 /* ofApp.cpp */ = {isa = PBXFileReference; explicitFileType = sourcecode.cpp.cpp; fileEncoding = 30; name = ofApp.cpp; path = src/ofApp.cpp; sourceTree = SOURCE_ROOT; };
		E4B69E1F0A3A1BDC003C02F2 /* ofApp.h */ = {isa = PBXFileReference; fileEncoding = 30; lastKnownFileType = sourcecode.c.h; name = ofApp.h; path = src/ofApp.h; sourceTree = SOURCE_ROOT; };
		E4B6FCAD0C3E899E008CF71C /* openFrameworks-Info.plist */ = {isa = PBXFileReference; fileEncoding = 30; lastKnownFileType = text.plist.xml; path = "openFrameworks-Info.plist"; sourceTree = "<group>"; };
		E4EB691F138AFCF100A09F29 /* CoreOF.xcconfig */ = {isa = PBXFileReference; fileEncoding = 4; lastKnownFileType = text.xcconfig; name = CoreOF.xcconfig; path = ../../../libs/openFrameworksCompiled/project/osx/CoreOF.xcconfig; sourceTree = SOURCE_ROOT; };
		E4EB6923138AFD0F00A09F29 /* Project.xcconfig */ = {isa = PBXFileReference; fileEncoding = 4; lastKnownFileType = text.xcconfig; path = Project.xcconfig; sourceTree = "<group>"; };
		E6C687AA79F145165EF64E4B /* ofxAubioBeat.h */ = {isa = PBXFileReference; explicitFileType = sourcecode.c.h; fileEncoding = 30; name = ofxAubioBeat.h; path = ../../../addons/ofxAubio/src/ofxAubioBeat.h; sourceTree = SOURCE_ROOT; };
		ECF8674C7975F1063C5E30CA /* ofxGuiGroup.cpp */ = {isa = PBXFileReference; explicitFileType = sourcecode.cpp.cpp; fileEncoding = 30; name = ofxGuiGroup.cpp; path = ../../../addons/ofxGui/src/ofxGuiGroup.cpp; sourceTree = SOURCE_ROOT; };
/* End PBXFileReference section */

/* Begin PBXFrameworksBuildPhase section */
		E4B69B590A3A1756003C02F2 /* Frameworks */ = {
			isa = PBXFrameworksBuildPhase;
			buildActionMask = 2147483647;
			files = (
				300CF04A1C652BD800295FBF /* libavutil.a in Frameworks */,
				300CF0511C652BD800295FBF /* libyaml.a in Frameworks */,
				301742261CAE3140007F3D32 /* libaubio.dylib in Frameworks */,
				E4328149138ABC9F0047C5CB /* openFrameworksDebug.a in Frameworks */,
				300CF04D1C652BD800295FBF /* libfftw3f.a in Frameworks */,
				300CF04C1C652BD800295FBF /* libfftw3.a in Frameworks */,
				300CF04B1C652BD800295FBF /* libessentia.dylib in Frameworks */,
				300CF0471C652BD800295FBF /* libavcodec.a in Frameworks */,
				300CF04E1C652BD800295FBF /* libsamplerate.a in Frameworks */,
				300CF0481C652BD800295FBF /* libavformat.a in Frameworks */,
				300CF0501C652BD800295FBF /* libtag.dylib in Frameworks */,
				300CF04F1C652BD800295FBF /* libswresample.a in Frameworks */,
				300CF0491C652BD800295FBF /* libavresample.a in Frameworks */,
			);
			runOnlyForDeploymentPostprocessing = 0;
		};
/* End PBXFrameworksBuildPhase section */

/* Begin PBXGroup section */
		280462C1CECEF18AAECE92DE /* src */ = {
			isa = PBXGroup;
			children = (
				3B6AFA97F893CE28547CFCDC /* ofxAubio.h */,
				A96B8F6D2ECF14F9304EBD6C /* ofxAubioBeat.cpp */,
				E6C687AA79F145165EF64E4B /* ofxAubioBeat.h */,
				737C0C27DB7B0C9484DCEBAE /* ofxAubioBlock.cpp */,
				4B17A983E507AB0B3F71A2D6 /* ofxAubioBlock.h */,
				776A1553D592FD9AA388C543 /* ofxAubioMelBands.cpp */,
				238BB8FC8860C7A7012B2E27 /* ofxAubioMelBands.h */,
				8A90A4B17BBB4CB627CA22C4 /* ofxAubioOnset.cpp */,
				0984191B2003C1E86CF4C57A /* ofxAubioOnset.h */,
				93CAC8A94359FD331BAD8CFA /* ofxAubioPitch.cpp */,
				9D2C29B96659EBB7A0C5672F /* ofxAubioPitch.h */,
			);
			name = src;
			sourceTree = "<group>";
		};
		3068B2411CB576550092949A /* Resources */ = {
			isa = PBXGroup;
			children = (
				7AD9994B1D2A118F002BD0F3 /* shaderFrag.glsl */,
				7AD9994C1D2A118F002BD0F3 /* shaderGeom.glsl */,
				7AD9994D1D2A118F002BD0F3 /* shaderVert.glsl */,
				7AD999481D29E652002BD0F3 /* light.png */,
				3068B2421CB576BF0092949A /* previsCameraData.txt */,
				30B8DCEA1CB58C3A00164558 /* skyTexture.png */,
				300802101CB723AD0031DAF2 /* burner1.png */,
				300802111CB723AD0031DAF2 /* burner2.png */,
			);
			name = Resources;
			sourceTree = "<group>";
		};
		3068B24A1CB584CA0092949A /* Previs */ = {
			isa = PBXGroup;
			children = (
				3002E85C1C88F9C900689E57 /* Previs.cpp */,
				3002E85D1C88F9C900689E57 /* Previs.hpp */,
				30B8DCE71CB589AC00164558 /* Environment.cpp */,
				30B8DCE81CB589AC00164558 /* Environment.hpp */,
			);
			name = Previs;
			sourceTree = "<group>";
		};
		306DFD3C1C80100200AB9225 /* ofxArtnet */ = {
			isa = PBXGroup;
			children = (
				306DFD3D1C80100200AB9225 /* ofxArtnet.cpp */,
				306DFD3E1C80100200AB9225 /* ofxArtnet.hpp */,
			);
			path = ofxArtnet;
			sourceTree = "<group>";
		};
		308CEE461C48593A007C124A /* Vendor */ = {
			isa = PBXGroup;
			children = (
				306DFD3C1C80100200AB9225 /* ofxArtnet */,
				308CEE471C48593A007C124A /* artnet */,
			);
			path = Vendor;
			sourceTree = "<group>";
		};
		308CEE471C48593A007C124A /* artnet */ = {
			isa = PBXGroup;
			children = (
				308CEE5F1C486177007C124A /* artnet_COPYING */,
				308CEE5E1C486171007C124A /* artnet_AUTHORS */,
				308CEE481C48593A007C124A /* artnet.c */,
				308CEE491C48593A007C124A /* artnet.h */,
				308CEE4A1C48593A007C124A /* common.h */,
				308CEE4B1C48593A007C124A /* config.h */,
				308CEE4C1C48593A007C124A /* misc.c */,
				308CEE4D1C48593A007C124A /* misc.h */,
				308CEE4E1C48593A007C124A /* network.c */,
				308CEE4F1C48593A007C124A /* packets.h */,
				308CEE501C48593A007C124A /* private.h */,
				308CEE511C48593A007C124A /* receive.c */,
				308CEE521C48593A007C124A /* tod.c */,
				308CEE531C48593A007C124A /* tod.h */,
				308CEE541C48593A007C124A /* transmit.c */,
			);
			path = artnet;
			sourceTree = "<group>";
		};
		30B88B7F1C9745D80068F4C1 /* Patterns */ = {
			isa = PBXGroup;
			children = (
				3074F8CF1C874AF2008BD5EF /* Pattern.cpp */,
				3074F8D01C874AF2008BD5EF /* Pattern.hpp */,
				30FDB28B1C8A65350079CE93 /* FftPattern.cpp */,
				30FDB28C1C8A65350079CE93 /* FftPattern.hpp */,
				3012AAAB1C9BAA2A005B2B46 /* ExamplePattern.cpp */,
				3012AAAC1C9BAA2A005B2B46 /* ExamplePattern.hpp */,
				303B2BD41CA24D4F00322318 /* StripesPattern.cpp */,
				303B2BD51CA24D4F00322318 /* StripesPattern.hpp */,
				30E16C261CDC00D4008729E7 /* ScrollingPattern.cpp */,
				30E16C271CDC00D4008729E7 /* ScrollingPattern.hpp */,
				30E16C2C1CDEF76C008729E7 /* BeatPattern.cpp */,
				30E16C2D1CDEF76C008729E7 /* BeatPattern.hpp */,
			);
			name = Patterns;
			sourceTree = "<group>";
		};
		30E025671C97739500C42FFB /* Input */ = {
			isa = PBXGroup;
			children = (
				30C844311C422B01006452BE /* Audio.cpp */,
				30C844321C422B01006452BE /* Audio.hpp */,
				30C844341C42C17E006452BE /* AudioUI.cpp */,
				30C844351C42C17E006452BE /* AudioUI.hpp */,
				302F35931C93CA39001D5E51 /* OnsetHistory.cpp */,
				302F35941C93CA39001D5E51 /* OnsetHistory.hpp */,
				302F35961C972BE2001D5E51 /* BeatHistory.cpp */,
				302F35971C972BE2001D5E51 /* BeatHistory.hpp */,
				302F35991C972DE6001D5E51 /* EventHistory.cpp */,
				302F359A1C972DE6001D5E51 /* EventHistory.hpp */,
			);
			name = Input;
			sourceTree = "<group>";
		};
		30E57DF81CE194730031D5AF /* ofxOsc */ = {
			isa = PBXGroup;
			children = (
				30E57DF91CE194730031D5AF /* src */,
				30E57E061CE194730031D5AF /* libs */,
			);
			name = ofxOsc;
			sourceTree = "<group>";
		};
		30E57DF91CE194730031D5AF /* src */ = {
			isa = PBXGroup;
			children = (
				30E57DFA1CE194730031D5AF /* ofxOsc.h */,
				30E57DFB1CE194730031D5AF /* ofxOscArg.h */,
				30E57DFC1CE194730031D5AF /* ofxOscBundle.cpp */,
				30E57DFD1CE194730031D5AF /* ofxOscBundle.h */,
				30E57DFE1CE194730031D5AF /* ofxOscMessage.cpp */,
				30E57DFF1CE194730031D5AF /* ofxOscMessage.h */,
				30E57E001CE194730031D5AF /* ofxOscParameterSync.cpp */,
				30E57E011CE194730031D5AF /* ofxOscParameterSync.h */,
				30E57E021CE194730031D5AF /* ofxOscReceiver.cpp */,
				30E57E031CE194730031D5AF /* ofxOscReceiver.h */,
				30E57E041CE194730031D5AF /* ofxOscSender.cpp */,
				30E57E051CE194730031D5AF /* ofxOscSender.h */,
			);
			name = src;
			path = ../../../addons/ofxOsc/src;
			sourceTree = "<group>";
		};
		30E57E061CE194730031D5AF /* libs */ = {
			isa = PBXGroup;
			children = (
				30E57E071CE194730031D5AF /* oscpack */,
			);
			name = libs;
			path = ../../../addons/ofxOsc/libs;
			sourceTree = "<group>";
		};
		30E57E071CE194730031D5AF /* oscpack */ = {
			isa = PBXGroup;
			children = (
				30E57E081CE194730031D5AF /* src */,
			);
			path = oscpack;
			sourceTree = "<group>";
		};
		30E57E081CE194730031D5AF /* src */ = {
			isa = PBXGroup;
			children = (
				30E57E091CE194730031D5AF /* ip */,
				30E57E161CE194730031D5AF /* osc */,
			);
			path = src;
			sourceTree = "<group>";
		};
		30E57E091CE194730031D5AF /* ip */ = {
			isa = PBXGroup;
			children = (
				30E57E0A1CE194730031D5AF /* IpEndpointName.cpp */,
				30E57E0B1CE194730031D5AF /* IpEndpointName.h */,
				30E57E0C1CE194730031D5AF /* NetworkingUtils.h */,
				30E57E0D1CE194730031D5AF /* PacketListener.h */,
				30E57E0E1CE194730031D5AF /* posix */,
				30E57E111CE194730031D5AF /* TimerListener.h */,
				30E57E121CE194730031D5AF /* UdpSocket.h */,
			);
			path = ip;
			sourceTree = "<group>";
		};
		30E57E0E1CE194730031D5AF /* posix */ = {
			isa = PBXGroup;
			children = (
				30E57E0F1CE194730031D5AF /* NetworkingUtils.cpp */,
				30E57E101CE194730031D5AF /* UdpSocket.cpp */,
			);
			path = posix;
			sourceTree = "<group>";
		};
		30E57E161CE194730031D5AF /* osc */ = {
			isa = PBXGroup;
			children = (
				30E57E171CE194730031D5AF /* MessageMappingOscPacketListener.h */,
				30E57E181CE194730031D5AF /* OscException.h */,
				30E57E191CE194730031D5AF /* OscHostEndianness.h */,
				30E57E1A1CE194730031D5AF /* OscOutboundPacketStream.cpp */,
				30E57E1B1CE194730031D5AF /* OscOutboundPacketStream.h */,
				30E57E1C1CE194730031D5AF /* OscPacketListener.h */,
				30E57E1D1CE194730031D5AF /* OscPrintReceivedElements.cpp */,
				30E57E1E1CE194730031D5AF /* OscPrintReceivedElements.h */,
				30E57E1F1CE194730031D5AF /* OscReceivedElements.cpp */,
				30E57E201CE194730031D5AF /* OscReceivedElements.h */,
				30E57E211CE194730031D5AF /* OscTypes.cpp */,
				30E57E221CE194730031D5AF /* OscTypes.h */,
			);
			path = osc;
			sourceTree = "<group>";
		};
		480A780D8D0308AE4A368801 /* ofxGui */ = {
			isa = PBXGroup;
			children = (
				A763ED608B35AE3310251DEE /* src */,
			);
			name = ofxGui;
			sourceTree = "<group>";
		};
		6948EE371B920CB800B5AC1A /* local_addons */ = {
			isa = PBXGroup;
			children = (
			);
			name = local_addons;
			sourceTree = "<group>";
		};
		93621CC75EED5D310C6ADC19 /* ofxAubio */ = {
			isa = PBXGroup;
			children = (
				280462C1CECEF18AAECE92DE /* src */,
			);
			name = ofxAubio;
			sourceTree = "<group>";
		};
		A763ED608B35AE3310251DEE /* src */ = {
			isa = PBXGroup;
			children = (
				9604B925D32EE39065747725 /* ofxBaseGui.cpp */,
				87F26B4B24CBD428AD9EEBAA /* ofxBaseGui.h */,
				C88333E71C9457E441C33474 /* ofxButton.cpp */,
				2834D88A62CD23F3DE2C47D1 /* ofxButton.h */,
				17E65988300FBD9AAA2CD0CA /* ofxGui.h */,
				ECF8674C7975F1063C5E30CA /* ofxGuiGroup.cpp */,
				1C0DA2561397A7DE0246858B /* ofxGuiGroup.h */,
				78D67A00EB899FAC09430597 /* ofxLabel.cpp */,
				B87C60311EC1FE841C1ECD89 /* ofxLabel.h */,
				E112B3AEBEA2C091BF2B40AE /* ofxPanel.cpp */,
				89449E3044D456F7DE7BEA14 /* ofxPanel.h */,
				15F2C6477A769C03A56D1401 /* ofxSlider.cpp */,
				52AFA1F08C420992CAAAE648 /* ofxSlider.h */,
				802251BAF1B35B1D67B32FD0 /* ofxSliderGroup.cpp */,
				C70D8946940288799E82131E /* ofxSliderGroup.h */,
				907C5B5E104864A2D3A25745 /* ofxToggle.cpp */,
				0A1DAC09F322AE313A40706D /* ofxToggle.h */,
			);
			name = src;
			sourceTree = "<group>";
		};
		BB4B014C10F69532006C3DED /* addons */ = {
			isa = PBXGroup;
			children = (
				93621CC75EED5D310C6ADC19 /* ofxAubio */,
				480A780D8D0308AE4A368801 /* ofxGui */,
				30E57DF81CE194730031D5AF /* ofxOsc */,
			);
			name = addons;
			sourceTree = "<group>";
		};
		E4328144138ABC890047C5CB /* Products */ = {
			isa = PBXGroup;
			children = (
				E4328148138ABC890047C5CB /* openFrameworksDebug.a */,
			);
			name = Products;
			sourceTree = "<group>";
		};
		E4B69B4A0A3A1720003C02F2 = {
			isa = PBXGroup;
			children = (
				3068B2411CB576550092949A /* Resources */,
				300CF03C1C652BD800295FBF /* libavcodec.a */,
				300CF03D1C652BD800295FBF /* libavformat.a */,
				300CF03E1C652BD800295FBF /* libavresample.a */,
				300CF03F1C652BD800295FBF /* libavutil.a */,
				300CF0401C652BD800295FBF /* libessentia.dylib */,
				300CF0411C652BD800295FBF /* libfftw3.a */,
				300CF0421C652BD800295FBF /* libfftw3f.a */,
				300CF0431C652BD800295FBF /* libsamplerate.a */,
				300CF0441C652BD800295FBF /* libswresample.a */,
				300CF0451C652BD800295FBF /* libtag.dylib */,
				300CF0461C652BD800295FBF /* libyaml.a */,
				301742251CAE3140007F3D32 /* libaubio.dylib */,
				308CEE461C48593A007C124A /* Vendor */,
				30AEA5971C4052A80034C794 /* README.md */,
				E4B6FCAD0C3E899E008CF71C /* openFrameworks-Info.plist */,
				E4B69E1C0A3A1BDC003C02F2 /* src */,
				E4EB6923138AFD0F00A09F29 /* Project.xcconfig */,
				E4EEC9E9138DF44700A80321 /* openFrameworks */,
				BB4B014C10F69532006C3DED /* addons */,
				6948EE371B920CB800B5AC1A /* local_addons */,
				E4B69B5B0A3A1756003C02F2 /* SonicRunwayDebug.app */,
			);
			sourceTree = "<group>";
		};
		E4B69E1C0A3A1BDC003C02F2 /* src */ = {
			isa = PBXGroup;
			children = (
				E4B69E1D0A3A1BDC003C02F2 /* main.cpp */,
				E4B69E1E0A3A1BDC003C02F2 /* ofApp.cpp */,
				E4B69E1F0A3A1BDC003C02F2 /* ofApp.h */,
				306565A11C472E7C00917ADB /* App.cpp */,
				306565A21C472E7C00917ADB /* App.hpp */,
				30C844371C42D110006452BE /* Model.cpp */,
				30C844381C42D110006452BE /* Model.hpp */,
				30AC5FEA1C448C7600B793E9 /* Types.hpp */,
				30E16C251CDBEF59008729E7 /* SimpleBuffer.hpp */,
				302695351C8FEE1D007F749C /* Buffer.hpp */,
				308CEE5B1C48598D007C124A /* Artnet.cpp */,
				308CEE5C1C48598D007C124A /* Artnet.hpp */,
				305892A21C9921240030F338 /* UiMixin.cpp */,
				305892A31C9921240030F338 /* UiMixin.hpp */,
				3068B2471CB5808E0092949A /* Util.cpp */,
				3068B2481CB5808E0092949A /* Util.hpp */,
				30E025671C97739500C42FFB /* Input */,
				30B88B7F1C9745D80068F4C1 /* Patterns */,
				3068B24A1CB584CA0092949A /* Previs */,
			);
			path = src;
			sourceTree = SOURCE_ROOT;
		};
		E4EEC9E9138DF44700A80321 /* openFrameworks */ = {
			isa = PBXGroup;
			children = (
				E4EB691F138AFCF100A09F29 /* CoreOF.xcconfig */,
				E4328143138ABC890047C5CB /* openFrameworksLib.xcodeproj */,
			);
			name = openFrameworks;
			sourceTree = "<group>";
		};
/* End PBXGroup section */

/* Begin PBXNativeTarget section */
		E4B69B5A0A3A1756003C02F2 /* SonicRunway */ = {
			isa = PBXNativeTarget;
			buildConfigurationList = E4B69B5F0A3A1757003C02F2 /* Build configuration list for PBXNativeTarget "SonicRunway" */;
			buildPhases = (
				E4B69B580A3A1756003C02F2 /* Sources */,
				E4B69B590A3A1756003C02F2 /* Frameworks */,
				E4B6FFFD0C3F9AB9008CF71C /* ShellScript */,
				E4C2427710CC5ABF004149E2 /* CopyFiles */,
				3068B2441CB579A20092949A /* Resources */,
			);
			buildRules = (
			);
			dependencies = (
				E4EEB9AC138B136A00A80321 /* PBXTargetDependency */,
			);
			name = SonicRunway;
			productName = myOFApp;
			productReference = E4B69B5B0A3A1756003C02F2 /* SonicRunwayDebug.app */;
			productType = "com.apple.product-type.application";
		};
/* End PBXNativeTarget section */

/* Begin PBXProject section */
		E4B69B4C0A3A1720003C02F2 /* Project object */ = {
			isa = PBXProject;
			attributes = {
				LastUpgradeCheck = 0720;
			};
			buildConfigurationList = E4B69B4D0A3A1720003C02F2 /* Build configuration list for PBXProject "SonicRunway" */;
			compatibilityVersion = "Xcode 3.2";
			developmentRegion = English;
			hasScannedForEncodings = 0;
			knownRegions = (
				English,
				Japanese,
				French,
				German,
			);
			mainGroup = E4B69B4A0A3A1720003C02F2;
			productRefGroup = E4B69B4A0A3A1720003C02F2;
			projectDirPath = "";
			projectReferences = (
				{
					ProductGroup = E4328144138ABC890047C5CB /* Products */;
					ProjectRef = E4328143138ABC890047C5CB /* openFrameworksLib.xcodeproj */;
				},
			);
			projectRoot = "";
			targets = (
				E4B69B5A0A3A1756003C02F2 /* SonicRunway */,
			);
		};
/* End PBXProject section */

/* Begin PBXReferenceProxy section */
		E4328148138ABC890047C5CB /* openFrameworksDebug.a */ = {
			isa = PBXReferenceProxy;
			fileType = archive.ar;
			path = openFrameworksDebug.a;
			remoteRef = E4328147138ABC890047C5CB /* PBXContainerItemProxy */;
			sourceTree = BUILT_PRODUCTS_DIR;
		};
/* End PBXReferenceProxy section */

/* Begin PBXResourcesBuildPhase section */
		3068B2441CB579A20092949A /* Resources */ = {
			isa = PBXResourcesBuildPhase;
			buildActionMask = 2147483647;
			files = (
				7AD9994E1D2A118F002BD0F3 /* shaderFrag.glsl in Resources */,
				3068B2461CB579B30092949A /* previsCameraData.txt in Resources */,
				30B8DCEB1CB58C3A00164558 /* skyTexture.png in Resources */,
				300802131CB723AD0031DAF2 /* burner2.png in Resources */,
				7AD999491D29E652002BD0F3 /* light.png in Resources */,
				7AD9994F1D2A118F002BD0F3 /* shaderGeom.glsl in Resources */,
				300802121CB723AD0031DAF2 /* burner1.png in Resources */,
				7AD999501D2A118F002BD0F3 /* shaderVert.glsl in Resources */,
			);
			runOnlyForDeploymentPostprocessing = 0;
		};
/* End PBXResourcesBuildPhase section */

/* Begin PBXShellScriptBuildPhase section */
		E4B6FFFD0C3F9AB9008CF71C /* ShellScript */ = {
			isa = PBXShellScriptBuildPhase;
			buildActionMask = 2147483647;
			files = (
			);
			inputPaths = (
			);
			outputPaths = (
			);
			runOnlyForDeploymentPostprocessing = 0;
			shellPath = /bin/sh;
			shellScript = "rsync -aved ../../../libs/fmodex/lib/osx/libfmodex.dylib \"$TARGET_BUILD_DIR/$PRODUCT_NAME.app/Contents/MacOS/\"; install_name_tool -change ./libfmodex.dylib @executable_path/libfmodex.dylib \"$TARGET_BUILD_DIR/$PRODUCT_NAME.app/Contents/MacOS/$PRODUCT_NAME\";\nmkdir -p \"$TARGET_BUILD_DIR/$PRODUCT_NAME.app/Contents/Resources/\"\nrsync -aved \"$ICON_FILE\" \"$TARGET_BUILD_DIR/$PRODUCT_NAME.app/Contents/Resources/\"\nrsync -aved ../../../libs/glut/lib/osx/GLUT.framework \"$TARGET_BUILD_DIR/$PRODUCT_NAME.app/Contents/Frameworks/\"\n";
		};
/* End PBXShellScriptBuildPhase section */

/* Begin PBXSourcesBuildPhase section */
		E4B69B580A3A1756003C02F2 /* Sources */ = {
			isa = PBXSourcesBuildPhase;
			buildActionMask = 2147483647;
			files = (
				308CEE591C48593A007C124A /* tod.c in Sources */,
				E4B69E200A3A1BDC003C02F2 /* main.cpp in Sources */,
				E4B69E210A3A1BDC003C02F2 /* ofApp.cpp in Sources */,
				479DCA850DD8BB469A777AD4 /* ofxAubioBeat.cpp in Sources */,
				C60077973A257D8F44947E2E /* ofxAubioBlock.cpp in Sources */,
				67383740F5CC47ED5F955A76 /* ofxAubioMelBands.cpp in Sources */,
				9C7B8B4D99CDFC508E76CC3A /* ofxAubioOnset.cpp in Sources */,
				30E57E2C1CE194730031D5AF /* OscPrintReceivedElements.cpp in Sources */,
				30AEA5981C4052A80034C794 /* README.md in Sources */,
				302F35981C972BE2001D5E51 /* BeatHistory.cpp in Sources */,
				306565A31C472E7C00917ADB /* App.cpp in Sources */,
				30C844361C42C17E006452BE /* AudioUI.cpp in Sources */,
				30B8DCE91CB589AC00164558 /* Environment.cpp in Sources */,
				101D2DB773940813A5C898CD /* ofxAubioPitch.cpp in Sources */,
				303B2BD61CA24D4F00322318 /* StripesPattern.cpp in Sources */,
				30E57E2E1CE194730031D5AF /* OscTypes.cpp in Sources */,
				302F359B1C972DE6001D5E51 /* EventHistory.cpp in Sources */,
				856AA354D08AB4B323081444 /* ofxBaseGui.cpp in Sources */,
				305892A41C9921240030F338 /* UiMixin.cpp in Sources */,
				30E57E241CE194730031D5AF /* ofxOscMessage.cpp in Sources */,
				30E57E231CE194730031D5AF /* ofxOscBundle.cpp in Sources */,
				308CEE561C48593A007C124A /* misc.c in Sources */,
				30E57E271CE194730031D5AF /* ofxOscSender.cpp in Sources */,
				5CBB2AB3A60F65431D7B555D /* ofxButton.cpp in Sources */,
				30E57E2D1CE194730031D5AF /* OscReceivedElements.cpp in Sources */,
				30E57E251CE194730031D5AF /* ofxOscParameterSync.cpp in Sources */,
				30C844331C422B01006452BE /* Audio.cpp in Sources */,
				3012AAAD1C9BAA2A005B2B46 /* ExamplePattern.cpp in Sources */,
				308CEE5A1C48593A007C124A /* transmit.c in Sources */,
				B266578FC55D23BFEBC042E7 /* ofxGuiGroup.cpp in Sources */,
				308CEE571C48593A007C124A /* network.c in Sources */,
				30E57E2A1CE194730031D5AF /* UdpSocket.cpp in Sources */,
				302F35951C93CA39001D5E51 /* OnsetHistory.cpp in Sources */,
				3002E85E1C88F9C900689E57 /* Previs.cpp in Sources */,
				30E16C281CDC00D5008729E7 /* ScrollingPattern.cpp in Sources */,
				30C844391C42D110006452BE /* Model.cpp in Sources */,
				30E57E2B1CE194730031D5AF /* OscOutboundPacketStream.cpp in Sources */,
				3074F8D11C874AF2008BD5EF /* Pattern.cpp in Sources */,
				30E57E261CE194730031D5AF /* ofxOscReceiver.cpp in Sources */,
				30E57E291CE194730031D5AF /* NetworkingUtils.cpp in Sources */,
				483908258D00B98B4BE69F07 /* ofxLabel.cpp in Sources */,
				308CEE551C48593A007C124A /* artnet.c in Sources */,
				F285EB3169F1566CA3D93C20 /* ofxPanel.cpp in Sources */,
				30E16C2E1CDEF76C008729E7 /* BeatPattern.cpp in Sources */,
				306DFD3F1C80100200AB9225 /* ofxArtnet.cpp in Sources */,
				837220E80EB56CD44AD27F2A /* ofxSlider.cpp in Sources */,
				30FDB28D1C8A65350079CE93 /* FftPattern.cpp in Sources */,
				B56FE57CC35806596D38118C /* ofxSliderGroup.cpp in Sources */,
				308CEE5D1C48598D007C124A /* Artnet.cpp in Sources */,
				308CEE581C48593A007C124A /* receive.c in Sources */,
				1CD33E884D9E3358252E82A1 /* ofxToggle.cpp in Sources */,
				30E57E281CE194730031D5AF /* IpEndpointName.cpp in Sources */,
				3068B2491CB5808E0092949A /* Util.cpp in Sources */,
			);
			runOnlyForDeploymentPostprocessing = 0;
		};
/* End PBXSourcesBuildPhase section */

/* Begin PBXTargetDependency section */
		E4EEB9AC138B136A00A80321 /* PBXTargetDependency */ = {
			isa = PBXTargetDependency;
			name = openFrameworks;
			targetProxy = E4EEB9AB138B136A00A80321 /* PBXContainerItemProxy */;
		};
/* End PBXTargetDependency section */

/* Begin XCBuildConfiguration section */
		E4B69B4E0A3A1720003C02F2 /* Debug */ = {
			isa = XCBuildConfiguration;
			baseConfigurationReference = E4EB6923138AFD0F00A09F29 /* Project.xcconfig */;
			buildSettings = {
				CONFIGURATION_BUILD_DIR = "$(SRCROOT)/bin/";
				COPY_PHASE_STRIP = NO;
				DEAD_CODE_STRIPPING = YES;
				ENABLE_TESTABILITY = YES;
				GCC_AUTO_VECTORIZATION = YES;
				GCC_ENABLE_SSE3_EXTENSIONS = YES;
				GCC_ENABLE_SUPPLEMENTAL_SSE3_INSTRUCTIONS = YES;
				GCC_INLINES_ARE_PRIVATE_EXTERN = NO;
				GCC_OPTIMIZATION_LEVEL = 0;
				GCC_SYMBOLS_PRIVATE_EXTERN = NO;
				GCC_WARN_ABOUT_DEPRECATED_FUNCTIONS = YES;
				GCC_WARN_ABOUT_INVALID_OFFSETOF_MACRO = NO;
				GCC_WARN_ALLOW_INCOMPLETE_PROTOCOL = NO;
				GCC_WARN_UNINITIALIZED_AUTOS = NO;
				GCC_WARN_UNUSED_VALUE = NO;
				GCC_WARN_UNUSED_VARIABLE = NO;
				HEADER_SEARCH_PATHS = (
					"$(OF_CORE_HEADERS)",
					../../../addons/ofxAubio/src,
					../../../addons/ofxOsc/src,
					../../../addons/ofxGui/src,
				);
				MACOSX_DEPLOYMENT_TARGET = 10.8;
				ONLY_ACTIVE_ARCH = YES;
				OTHER_CPLUSPLUSFLAGS = (
					"-D__MACOSX_CORE__",
					"-mtune=native",
				);
				SDKROOT = macosx;
			};
			name = Debug;
		};
		E4B69B4F0A3A1720003C02F2 /* Release */ = {
			isa = XCBuildConfiguration;
			baseConfigurationReference = E4EB6923138AFD0F00A09F29 /* Project.xcconfig */;
			buildSettings = {
				CONFIGURATION_BUILD_DIR = "$(SRCROOT)/bin/";
				COPY_PHASE_STRIP = YES;
				DEAD_CODE_STRIPPING = YES;
				GCC_AUTO_VECTORIZATION = YES;
				GCC_ENABLE_SSE3_EXTENSIONS = YES;
				GCC_ENABLE_SUPPLEMENTAL_SSE3_INSTRUCTIONS = YES;
				GCC_INLINES_ARE_PRIVATE_EXTERN = NO;
				GCC_OPTIMIZATION_LEVEL = 3;
				GCC_SYMBOLS_PRIVATE_EXTERN = NO;
				GCC_UNROLL_LOOPS = YES;
				GCC_WARN_ABOUT_DEPRECATED_FUNCTIONS = YES;
				GCC_WARN_ABOUT_INVALID_OFFSETOF_MACRO = NO;
				GCC_WARN_ALLOW_INCOMPLETE_PROTOCOL = NO;
				GCC_WARN_UNINITIALIZED_AUTOS = NO;
				GCC_WARN_UNUSED_VALUE = NO;
				GCC_WARN_UNUSED_VARIABLE = NO;
				HEADER_SEARCH_PATHS = (
					"$(OF_CORE_HEADERS)",
					../../../addons/ofxAubio/src,
					../../../addons/ofxOsc/src,
					../../../addons/ofxGui/src,
				);
				MACOSX_DEPLOYMENT_TARGET = 10.8;
				OTHER_CPLUSPLUSFLAGS = (
					"-D__MACOSX_CORE__",
					"-mtune=native",
				);
				SDKROOT = macosx;
			};
			name = Release;
		};
		E4B69B600A3A1757003C02F2 /* Debug */ = {
			isa = XCBuildConfiguration;
			baseConfigurationReference = E4EB6923138AFD0F00A09F29 /* Project.xcconfig */;
			buildSettings = {
				COMBINE_HIDPI_IMAGES = YES;
				COPY_PHASE_STRIP = NO;
				FRAMEWORK_SEARCH_PATHS = (
					"$(inherited)",
					"$(FRAMEWORK_SEARCH_PATHS_QUOTED_FOR_TARGET_1)",
					"$(USER_LIBRARY_DIR)/Frameworks",
				);
				FRAMEWORK_SEARCH_PATHS_QUOTED_FOR_TARGET_1 = "\"$(SRCROOT)/../../../libs/glut/lib/osx\"";
				GCC_DYNAMIC_NO_PIC = NO;
				GCC_GENERATE_DEBUGGING_SYMBOLS = YES;
				GCC_MODEL_TUNING = NONE;
				HEADER_SEARCH_PATHS = (
					"$(OF_CORE_HEADERS)",
					../../../addons/ofxAubio/src,
					../../../addons/ofxOsc/src,
					../../../addons/ofxGui/src,
					/usr/local/include,
					Input,
					Patterns,
					"$(OF_PATH)/addons/ofxOsc/src",
					"$(OF_PATH)/addons/ofxOsc/libs/oscpack/src",
				);
				ICON = "$(ICON_NAME_DEBUG)";
				ICON_FILE = "$(ICON_FILE_PATH)$(ICON)";
				INFOPLIST_FILE = "openFrameworks-Info.plist";
				INSTALL_PATH = "$(HOME)/Applications";
				LIBRARY_SEARCH_PATHS = (
					"$(inherited)",
					/usr/local/lib,
					/usr/local/Cellar/aubio/0.4.2/lib,
				);
				PRODUCT_BUNDLE_IDENTIFIER = cc.openFrameworks.ofapp;
				PRODUCT_NAME = "$(TARGET_NAME)Debug";
				USER_HEADER_SEARCH_PATHS = "";
				WRAPPER_EXTENSION = app;
			};
			name = Debug;
		};
		E4B69B610A3A1757003C02F2 /* Release */ = {
			isa = XCBuildConfiguration;
			baseConfigurationReference = E4EB6923138AFD0F00A09F29 /* Project.xcconfig */;
			buildSettings = {
				COMBINE_HIDPI_IMAGES = YES;
				COPY_PHASE_STRIP = YES;
				FRAMEWORK_SEARCH_PATHS = (
					"$(inherited)",
					"$(FRAMEWORK_SEARCH_PATHS_QUOTED_FOR_TARGET_1)",
					"$(USER_LIBRARY_DIR)/Frameworks",
				);
				FRAMEWORK_SEARCH_PATHS_QUOTED_FOR_TARGET_1 = "\"$(SRCROOT)/../../../libs/glut/lib/osx\"";
				GCC_GENERATE_DEBUGGING_SYMBOLS = YES;
				GCC_MODEL_TUNING = NONE;
				HEADER_SEARCH_PATHS = (
					"$(OF_CORE_HEADERS)",
					../../../addons/ofxOsc/src,
					../../../addons/ofxAubio/src,
					../../../addons/ofxGui/src,
					/usr/local/include,
					Input,
					Patterns,
					"$(OF_PATH)/addons/ofxOsc/src",
					"$(OF_PATH)/addons/ofxOsc/libs/oscpack/src",
				);
				ICON = "$(ICON_NAME_RELEASE)";
				ICON_FILE = "$(ICON_FILE_PATH)$(ICON)";
				INFOPLIST_FILE = "openFrameworks-Info.plist";
				INSTALL_PATH = "$(HOME)/Applications";
				LIBRARY_SEARCH_PATHS = (
					"$(inherited)",
					/usr/local/lib,
					/usr/local/Cellar/aubio/0.4.2/lib,
				);
				PRODUCT_BUNDLE_IDENTIFIER = cc.openFrameworks.ofapp;
				PRODUCT_NAME = "$(TARGET_NAME)";
				USER_HEADER_SEARCH_PATHS = "";
				WRAPPER_EXTENSION = app;
				baseConfigurationReference = E4EB6923138AFD0F00A09F29;
			};
			name = Release;
		};
/* End XCBuildConfiguration section */

/* Begin XCConfigurationList section */
		E4B69B4D0A3A1720003C02F2 /* Build configuration list for PBXProject "SonicRunway" */ = {
			isa = XCConfigurationList;
			buildConfigurations = (
				E4B69B4E0A3A1720003C02F2 /* Debug */,
				E4B69B4F0A3A1720003C02F2 /* Release */,
			);
			defaultConfigurationIsVisible = 0;
			defaultConfigurationName = Release;
		};
		E4B69B5F0A3A1757003C02F2 /* Build configuration list for PBXNativeTarget "SonicRunway" */ = {
			isa = XCConfigurationList;
			buildConfigurations = (
				E4B69B600A3A1757003C02F2 /* Debug */,
				E4B69B610A3A1757003C02F2 /* Release */,
			);
			defaultConfigurationIsVisible = 0;
			defaultConfigurationName = Release;
		};
/* End XCConfigurationList section */
	};
	rootObject = E4B69B4C0A3A1720003C02F2 /* Project object */;
}
